
Microsoft Visual Studio Solution File, Format Version 12.00
# Visual Studio 2012
Project("{FAE04EC0-301F-11D3-BF4B-00C04F79EFBC}") = "PencilBox", "PencilBox\PencilBox.csproj", "{7F113AFE-D175-4AC2-B4B0-612359F3772E}"
EndProject
Project("{FAE04EC0-301F-11D3-BF4B-00C04F79EFBC}") = "PbData", "PbData\PbData.csproj", "{9C2BEA14-5FEE-450A-828D-B6450E310906}"
EndProject
Project("{FAE04EC0-301F-11D3-BF4B-00C04F79EFBC}") = "Testing", "Testing\Testing.csproj", "{12D08504-2B72-49FD-BEC6-D26C8044A276}"
EndProject
Project("{FAE04EC0-301F-11D3-BF4B-00C04F79EFBC}") = "Editing", "Editing\Editing.csproj", "{FAFA598B-FB95-4731-8743-610C97FECB7E}"
EndProject
Project("{FAE04EC0-301F-11D3-BF4B-00C04F79EFBC}") = "Juddy.Admin", "Juddy.Admin\Juddy.Admin.csproj", "{EA1CA241-B7A3-461B-861D-B483FB741475}"
EndProject
Project("{FAE04EC0-301F-11D3-BF4B-00C04F79EFBC}") = "Juddy.Services", "Juddy.Services\Juddy.Services.csproj", "{9501A8F7-8B7B-4C76-AC39-019FFDE5AE2E}"
EndProject
Global
	GlobalSection(SubversionScc) = preSolution
		Svn-Managed = True
		Manager = AnkhSVN - Subversion Support for Visual Studio
	EndGlobalSection
	GlobalSection(SolutionConfigurationPlatforms) = preSolution
		Debug|Any CPU = Debug|Any CPU
		Release|Any CPU = Release|Any CPU
	EndGlobalSection
	GlobalSection(ProjectConfigurationPlatforms) = postSolution
		{7F113AFE-D175-4AC2-B4B0-612359F3772E}.Debug|Any CPU.ActiveCfg = Debug|Any CPU
		{7F113AFE-D175-4AC2-B4B0-612359F3772E}.Debug|Any CPU.Build.0 = Debug|Any CPU
		{7F113AFE-D175-4AC2-B4B0-612359F3772E}.Release|Any CPU.ActiveCfg = Release|Any CPU
		{7F113AFE-D175-4AC2-B4B0-612359F3772E}.Release|Any CPU.Build.0 = Release|Any CPU
		{9C2BEA14-5FEE-450A-828D-B6450E310906}.Debug|Any CPU.ActiveCfg = Debug|Any CPU
		{9C2BEA14-5FEE-450A-828D-B6450E310906}.Debug|Any CPU.Build.0 = Debug|Any CPU
		{9C2BEA14-5FEE-450A-828D-B6450E310906}.Release|Any CPU.ActiveCfg = Release|Any CPU
		{9C2BEA14-5FEE-450A-828D-B6450E310906}.Release|Any CPU.Build.0 = Release|Any CPU
		{12D08504-2B72-49FD-BEC6-D26C8044A276}.Debug|Any CPU.ActiveCfg = Debug|Any CPU
		{12D08504-2B72-49FD-BEC6-D26C8044A276}.Debug|Any CPU.Build.0 = Debug|Any CPU
		{12D08504-2B72-49FD-BEC6-D26C8044A276}.Release|Any CPU.ActiveCfg = Release|Any CPU
		{12D08504-2B72-49FD-BEC6-D26C8044A276}.Release|Any CPU.Build.0 = Release|Any CPU
		{FAFA598B-FB95-4731-8743-610C97FECB7E}.Debug|Any CPU.ActiveCfg = Debug|Any CPU
		{FAFA598B-FB95-4731-8743-610C97FECB7E}.Debug|Any CPU.Build.0 = Debug|Any CPU
		{FAFA598B-FB95-4731-8743-610C97FECB7E}.Release|Any CPU.ActiveCfg = Release|Any CPU
		{FAFA598B-FB95-4731-8743-610C97FECB7E}.Release|Any CPU.Build.0 = Release|Any CPU
		{EA1CA241-B7A3-461B-861D-B483FB741475}.Debug|Any CPU.ActiveCfg = Debug|Any CPU
		{EA1CA241-B7A3-461B-861D-B483FB741475}.Debug|Any CPU.Build.0 = Debug|Any CPU
		{EA1CA241-B7A3-461B-861D-B483FB741475}.Release|Any CPU.ActiveCfg = Release|Any CPU
		{EA1CA241-B7A3-461B-861D-B483FB741475}.Release|Any CPU.Build.0 = Release|Any CPU
		{9501A8F7-8B7B-4C76-AC39-019FFDE5AE2E}.Debug|Any CPU.ActiveCfg = Debug|Any CPU
		{9501A8F7-8B7B-4C76-AC39-019FFDE5AE2E}.Debug|Any CPU.Build.0 = Debug|Any CPU
		{9501A8F7-8B7B-4C76-AC39-019FFDE5AE2E}.Release|Any CPU.ActiveCfg = Release|Any CPU
		{9501A8F7-8B7B-4C76-AC39-019FFDE5AE2E}.Release|Any CPU.Build.0 = Release|Any CPU
	EndGlobalSection
	GlobalSection(SolutionProperties) = preSolution
		HideSolutionNode = FALSE
	EndGlobalSection
EndGlobal
